
Microsoft Visual Studio Solution File, Format Version 12.00
# Visual Studio Version 17
VisualStudioVersion = 17.2.32630.192
MinimumVisualStudioVersion = 10.0.40219.1
Project("{FAE04EC0-301F-11D3-BF4B-00C04F79EFBC}") = "Variables Exercise", "Variables Exercise.csproj", "{4F3FDFC2-BAEF-48AF-B326-E9AFBA70594E}"
EndProject
Global
	GlobalSection(SolutionConfigurationPlatforms) = preSolution
		Debug|Any CPU = Debug|Any CPU
		Release|Any CPU = Release|Any CPU
	EndGlobalSection
	GlobalSection(ProjectConfigurationPlatforms) = postSolution
		{4F3FDFC2-BAEF-48AF-B326-E9AFBA70594E}.Debug|Any CPU.ActiveCfg = Debug|Any CPU
		{4F3FDFC2-BAEF-48AF-B326-E9AFBA70594E}.Debug|Any CPU.Build.0 = Debug|Any CPU
		{4F3FDFC2-BAEF-48AF-B326-E9AFBA70594E}.Release|Any CPU.ActiveCfg = Release|Any CPU
		{4F3FDFC2-BAEF-48AF-B326-E9AFBA70594E}.Release|Any CPU.Build.0 = Release|Any CPU
	EndGlobalSection
	GlobalSection(SolutionProperties) = preSolution
		HideSolutionNode = FALSE
	EndGlobalSection
	GlobalSection(ExtensibilityGlobals) = postSolution
		SolutionGuid = {85BEA1B8-7C35-45B7-9E6D-8820EE8BB049}
	EndGlobalSection
EndGlobal
